
Microsoft Visual Studio Solution File, Format Version 12.00
# Visual Studio Version 17
VisualStudioVersion = 17.0.31903.59
MinimumVisualStudioVersion = 10.0.40219.1
Project("{2150E333-8FDC-42A3-9474-1A3956D46DE8}") = "src", "src", "{827E0CD3-B72D-47B6-A68D-7590B98EB39B}"
EndProject
Project("{FAE04EC0-301F-11D3-BF4B-00C04F79EFBC}") = "Bronnoysund.Domain", "src\Bronnoysund.Domain\Bronnoysund.Domain.csproj", "{AD411DB7-8D29-4B02-9363-E0EB4C5497AB}"
EndProject
Project("{FAE04EC0-301F-11D3-BF4B-00C04F79EFBC}") = "Bronnoysund.Application", "src\Bronnoysund.Application\Bronnoysund.Application.csproj", "{1BC523DC-F541-4D7B-90D8-A643CBDE394C}"
EndProject
Project("{FAE04EC0-301F-11D3-BF4B-00C04F79EFBC}") = "Bronnoysund.Infrastructure", "src\Bronnoysund.Infrastructure\Bronnoysund.Infrastructure.csproj", "{91E9679D-86CE-4F83-9712-90F15815841E}"
EndProject
Project("{FAE04EC0-301F-11D3-BF4B-00C04F79EFBC}") = "Bronnoysund.WebApi", "src\Bronnoysund.WebApi\Bronnoysund.WebApi.csproj", "{14EFB1AE-FA8D-41B0-BB3E-4273E931219D}"
EndProject
Project("{2150E333-8FDC-42A3-9474-1A3956D46DE8}") = "tests", "tests", "{0AB3BF05-4346-4AA6-1389-037BE0695223}"
EndProject
Project("{FAE04EC0-301F-11D3-BF4B-00C04F79EFBC}") = "Bronnoysund.Domain.Tests", "tests\Bronnoysund.Domain.Tests\Bronnoysund.Domain.Tests.csproj", "{AACFF013-45F6-4226-B584-445EED5D8FF6}"
EndProject
Project("{FAE04EC0-301F-11D3-BF4B-00C04F79EFBC}") = "Bronnoysund.Application.Tests", "tests\Bronnoysund.Application.Tests\Bronnoysund.Application.Tests.csproj", "{49A7D8D5-E4B5-4FD9-AA5B-E2B5D8BD5436}"
EndProject
Project("{FAE04EC0-301F-11D3-BF4B-00C04F79EFBC}") = "Bronnoysund.Infrastructure.Tests", "tests\Bronnoysund.Infrastructure.Tests\Bronnoysund.Infrastructure.Tests.csproj", "{0528E9E9-525A-4530-AF4E-E86FBFB155F8}"
EndProject
Project("{FAE04EC0-301F-11D3-BF4B-00C04F79EFBC}") = "Bronnoysund.Components", "src\Bronnoysund.Components\Bronnoysund.Components.csproj", "{8010512F-D7ED-4364-A19B-A6BB61A3B6EC}"
EndProject
Project("{FAE04EC0-301F-11D3-BF4B-00C04F79EFBC}") = "Bronnoysund.ViewModels", "src\Bronnoysund.ViewModels\Bronnoysund.ViewModels.csproj", "{4369AF4A-3D8E-442D-AA46-7236AA8B77AF}"
EndProject
Project("{FAE04EC0-301F-11D3-BF4B-00C04F79EFBC}") = "Bronnoysund.BlazorWeb", "src\Bronnoysund.BlazorWeb\Bronnoysund.BlazorWeb.csproj", "{57EE180D-4969-4B96-A923-C1A27CC341ED}"
EndProject
Project("{FAE04EC0-301F-11D3-BF4B-00C04F79EFBC}") = "Bronnoysund.MauiDesktop", "src\Bronnoysund.MauiDesktop\Bronnoysund.MauiDesktop.csproj", "{EAD1F061-D6DB-4250-A377-563AADDB4C96}"
EndProject
Project("{FAE04EC0-301F-11D3-BF4B-00C04F79EFBC}") = "Bronnoysund.MauiMobile", "src\Bronnoysund.MauiMobile\Bronnoysund.MauiMobile.csproj", "{DA0E119F-5163-4F6C-B2FF-27384EFBFD6C}"
EndProject
Project("{FAE04EC0-301F-11D3-BF4B-00C04F79EFBC}") = "Bronnoysund.Speech", "src\Bronnoysund.Speech\Bronnoysund.Speech.csproj", "{425E3998-DDC8-4EA7-B7C0-0AB8CC991E16}"
EndProject
Project("{FAE04EC0-301F-11D3-BF4B-00C04F79EFBC}") = "Bronnoysund.Speech.Tests", "tests\Bronnoysund.Speech.Tests\Bronnoysund.Speech.Tests.csproj", "{6488EF3D-238E-444E-ADE6-3A74FFAAA153}"
EndProject
Project("{FAE04EC0-301F-11D3-BF4B-00C04F79EFBC}") = "Bronnoysund.Infrastructure.Persistence", "src\Bronnoysund.Infrastructure.Persistence\Bronnoysund.Infrastructure.Persistence.csproj", "{2FE975C7-3F4F-48C1-99FA-C70D3A196502}"
EndProject
Project("{FAE04EC0-301F-11D3-BF4B-00C04F79EFBC}") = "Bronnoysund.Infrastructure.Persistence.Tests", "tests\Bronnoysund.Infrastructure.Persistence.Tests\Bronnoysund.Infrastructure.Persistence.Tests.csproj", "{AD2DDEB4-794B-4226-9C5E-8DADCA7F108A}"
EndProject
Project("{FAE04EC0-301F-11D3-BF4B-00C04F79EFBC}") = "Bronnoysund.ViewModels.Tests", "tests\Bronnoysund.ViewModels.Tests\Bronnoysund.ViewModels.Tests.csproj", "{B1D6F8B4-7CBB-42C5-A63A-8C8DA7FB8BD5}"
EndProject
Project("{FAE04EC0-301F-11D3-BF4B-00C04F79EFBC}") = "Bronnoysund.Speech.Web", "src\Bronnoysund.Speech.Web\Bronnoysund.Speech.Web.csproj", "{0BA134B0-8433-4455-9CF1-0023CD84B1A2}"
EndProject
Project("{2150E333-8FDC-42A3-9474-1A3956D46DE8}") = ".github", ".github", "{29A7D81C-9D81-4BBC-9E07-2271583EDED0}"
	ProjectSection(SolutionItems) = preProject
		..\.github\workflows\ci.yml = ..\.github\workflows\ci.yml
		..\.github\workflows\cd-web.yml = ..\.github\workflows\cd-web.yml
		..\.github\workflows\cd-webapi.yml = ..\.github\workflows\cd-webapi.yml
		..\.github\workflows\cd-mac-desktop.yml = ..\.github\workflows\cd-mac-desktop.yml
		..\.github\workflows\cd-windows-desktop.yml = ..\.github\workflows\cd-windows-desktop.yml
		..\.github\workflows\cd-ios-mobile.yml = ..\.github\workflows\cd-ios-mobile.yml
		..\.github\workflows\cd-android-mobile.yml = ..\.github\workflows\cd-android-mobile.yml
		..\.github\workflows\spec-drift.yml = ..\.github\workflows\spec-drift.yml
	EndProjectSection
EndProject
Project("{2150E333-8FDC-42A3-9474-1A3956D46DE8}") = "deploy", "deploy", "{CFF2267E-5148-4C2F-987E-332C1EFAF81B}"
	ProjectSection(SolutionItems) = preProject
		..\deploy\README.md = ..\deploy\README.md
		..\deploy\deploy-web.sh = ..\deploy\deploy-web.sh
		..\deploy\deploy-webapi.sh = ..\deploy\deploy-webapi.sh
		..\deploy\deploy-mac-desktop.sh = ..\deploy\deploy-mac-desktop.sh
		..\deploy\deploy-windows-desktop.sh = ..\deploy\deploy-windows-desktop.sh
		..\deploy\deploy-ios-mobile.sh = ..\deploy\deploy-ios-mobile.sh
		..\deploy\deploy-android-mobile.sh = ..\deploy\deploy-android-mobile.sh
		..\deploy\teardown-web.sh = ..\deploy\teardown-web.sh
		..\deploy\azure-bootstrap.sh = ..\deploy\azure-bootstrap.sh
		..\deploy\azure-cleanup-mvp-overlap.sh = ..\deploy\azure-cleanup-mvp-overlap.sh
	EndProjectSection
EndProject
Project("{FAE04EC0-301F-11D3-BF4B-00C04F79EFBC}") = "Bronnoysund.Infrastructure.Brreg.Generated", "src\Bronnoysund.Infrastructure.Brreg.Generated\Bronnoysund.Infrastructure.Brreg.Generated.csproj", "{681E21AE-AE1D-486B-9AE1-D0F59613A417}"
EndProject
Project("{FAE04EC0-301F-11D3-BF4B-00C04F79EFBC}") = "Bronnoysund.WebApi.Tests", "tests\Bronnoysund.WebApi.Tests\Bronnoysund.WebApi.Tests.csproj", "{38ABEC8C-CAD9-4EAB-8A33-4B4401CAAE3F}"
EndProject
Project("{FAE04EC0-301F-11D3-BF4B-00C04F79EFBC}") = "Bronnoysund.Infrastructure.Finland", "src\Bronnoysund.Infrastructure.Finland\Bronnoysund.Infrastructure.Finland.csproj", "{7C0B59D9-0C04-4626-9B11-FB03F3BCE66B}"
EndProject
Project("{FAE04EC0-301F-11D3-BF4B-00C04F79EFBC}") = "Bronnoysund.Infrastructure.Finland.Generated", "src\Bronnoysund.Infrastructure.Finland.Generated\Bronnoysund.Infrastructure.Finland.Generated.csproj", "{8AA7DDA4-173B-43B6-BC87-B42309556936}"
EndProject
Project("{FAE04EC0-301F-11D3-BF4B-00C04F79EFBC}") = "Bronnoysund.Infrastructure.Estonia", "src\Bronnoysund.Infrastructure.Estonia\Bronnoysund.Infrastructure.Estonia.csproj", "{07728A1D-ABA9-4E25-91A7-44C0E35220F1}"
EndProject
Project("{FAE04EC0-301F-11D3-BF4B-00C04F79EFBC}") = "Bronnoysund.Infrastructure.Ireland", "src\Bronnoysund.Infrastructure.Ireland\Bronnoysund.Infrastructure.Ireland.csproj", "{4FF1D3BF-A9A6-4FB9-BD64-7121EEE2B749}"
EndProject
Project("{FAE04EC0-301F-11D3-BF4B-00C04F79EFBC}") = "Bronnoysund.Infrastructure.Poland", "src\Bronnoysund.Infrastructure.Poland\Bronnoysund.Infrastructure.Poland.csproj", "{21E5A891-3E07-4BBF-8294-B990F3FD858A}"
EndProject
Project("{FAE04EC0-301F-11D3-BF4B-00C04F79EFBC}") = "Bronnoysund.Infrastructure.Sweden", "src\Bronnoysund.Infrastructure.Sweden\Bronnoysund.Infrastructure.Sweden.csproj", "{DBCD6D07-39A0-439C-BB90-BA6CB4344770}"
EndProject
Project("{FAE04EC0-301F-11D3-BF4B-00C04F79EFBC}") = "Bronnoysund.Infrastructure.Denmark", "src\Bronnoysund.Infrastructure.Denmark\Bronnoysund.Infrastructure.Denmark.csproj", "{70D28289-2357-45AD-BC42-4DA4BE455369}"
EndProject
Project("{FAE04EC0-301F-11D3-BF4B-00C04F79EFBC}") = "Bronnoysund.Infrastructure.Slovenia", "src\Bronnoysund.Infrastructure.Slovenia\Bronnoysund.Infrastructure.Slovenia.csproj", "{B8EA4178-80C4-4958-8AC6-DF6EB78CA334}"
EndProject
Project("{FAE04EC0-301F-11D3-BF4B-00C04F79EFBC}") = "Bronnoysund.Infrastructure.Lithuania", "src\Bronnoysund.Infrastructure.Lithuania\Bronnoysund.Infrastructure.Lithuania.csproj", "{E2AB9234-B2AA-439A-A328-1A9BF4F98ED0}"
EndProject
Project("{FAE04EC0-301F-11D3-BF4B-00C04F79EFBC}") = "Bronnoysund.Infrastructure.Croatia", "src\Bronnoysund.Infrastructure.Croatia\Bronnoysund.Infrastructure.Croatia.csproj", "{F1BB11DA-F8CE-45E4-BB11-1E9D21968C08}"
EndProject
Project("{FAE04EC0-301F-11D3-BF4B-00C04F79EFBC}") = "Bronnoysund.Infrastructure.Greece", "src\Bronnoysund.Infrastructure.Greece\Bronnoysund.Infrastructure.Greece.csproj", "{86E757B0-A8A2-42D3-B0A0-FB99E76E7EB8}"
EndProject
Project("{FAE04EC0-301F-11D3-BF4B-00C04F79EFBC}") = "Bronnoysund.Infrastructure.Latvia", "src\Bronnoysund.Infrastructure.Latvia\Bronnoysund.Infrastructure.Latvia.csproj", "{70E1A994-E9C9-4EFE-BBD0-5B3167112A39}"
EndProject
Project("{FAE04EC0-301F-11D3-BF4B-00C04F79EFBC}") = "Bronnoysund.Infrastructure.OpenCorporates", "src\Bronnoysund.Infrastructure.OpenCorporates\Bronnoysund.Infrastructure.OpenCorporates.csproj", "{31C43BEA-9606-48DC-8AB8-F1CBF72148AA}"
EndProject
Global
	GlobalSection(SolutionConfigurationPlatforms) = preSolution
		Debug|Any CPU = Debug|Any CPU
		Debug|x64 = Debug|x64
		Debug|x86 = Debug|x86
		Release|Any CPU = Release|Any CPU
		Release|x64 = Release|x64
		Release|x86 = Release|x86
	EndGlobalSection
	GlobalSection(ProjectConfigurationPlatforms) = postSolution
		{AD411DB7-8D29-4B02-9363-E0EB4C5497AB}.Debug|Any CPU.ActiveCfg = Debug|Any CPU
		{AD411DB7-8D29-4B02-9363-E0EB4C5497AB}.Debug|Any CPU.Build.0 = Debug|Any CPU
		{AD411DB7-8D29-4B02-9363-E0EB4C5497AB}.Debug|x64.ActiveCfg = Debug|Any CPU
		{AD411DB7-8D29-4B02-9363-E0EB4C5497AB}.Debug|x64.Build.0 = Debug|Any CPU
		{AD411DB7-8D29-4B02-9363-E0EB4C5497AB}.Debug|x86.ActiveCfg = Debug|Any CPU
		{AD411DB7-8D29-4B02-9363-E0EB4C5497AB}.Debug|x86.Build.0 = Debug|Any CPU
		{AD411DB7-8D29-4B02-9363-E0EB4C5497AB}.Release|Any CPU.ActiveCfg = Release|Any CPU
		{AD411DB7-8D29-4B02-9363-E0EB4C5497AB}.Release|Any CPU.Build.0 = Release|Any CPU
		{AD411DB7-8D29-4B02-9363-E0EB4C5497AB}.Release|x64.ActiveCfg = Release|Any CPU
		{AD411DB7-8D29-4B02-9363-E0EB4C5497AB}.Release|x64.Build.0 = Release|Any CPU
		{AD411DB7-8D29-4B02-9363-E0EB4C5497AB}.Release|x86.ActiveCfg = Release|Any CPU
		{AD411DB7-8D29-4B02-9363-E0EB4C5497AB}.Release|x86.Build.0 = Release|Any CPU
		{1BC523DC-F541-4D7B-90D8-A643CBDE394C}.Debug|Any CPU.ActiveCfg = Debug|Any CPU
		{1BC523DC-F541-4D7B-90D8-A643CBDE394C}.Debug|Any CPU.Build.0 = Debug|Any CPU
		{1BC523DC-F541-4D7B-90D8-A643CBDE394C}.Debug|x64.ActiveCfg = Debug|Any CPU
		{1BC523DC-F541-4D7B-90D8-A643CBDE394C}.Debug|x64.Build.0 = Debug|Any CPU
		{1BC523DC-F541-4D7B-90D8-A643CBDE394C}.Debug|x86.ActiveCfg = Debug|Any CPU
		{1BC523DC-F541-4D7B-90D8-A643CBDE394C}.Debug|x86.Build.0 = Debug|Any CPU
		{1BC523DC-F541-4D7B-90D8-A643CBDE394C}.Release|Any CPU.ActiveCfg = Release|Any CPU
		{1BC523DC-F541-4D7B-90D8-A643CBDE394C}.Release|Any CPU.Build.0 = Release|Any CPU
		{1BC523DC-F541-4D7B-90D8-A643CBDE394C}.Release|x64.ActiveCfg = Release|Any CPU
		{1BC523DC-F541-4D7B-90D8-A643CBDE394C}.Release|x64.Build.0 = Release|Any CPU
		{1BC523DC-F541-4D7B-90D8-A643CBDE394C}.Release|x86.ActiveCfg = Release|Any CPU
		{1BC523DC-F541-4D7B-90D8-A643CBDE394C}.Release|x86.Build.0 = Release|Any CPU
		{91E9679D-86CE-4F83-9712-90F15815841E}.Debug|Any CPU.ActiveCfg = Debug|Any CPU
		{91E9679D-86CE-4F83-9712-90F15815841E}.Debug|Any CPU.Build.0 = Debug|Any CPU
		{91E9679D-86CE-4F83-9712-90F15815841E}.Debug|x64.ActiveCfg = Debug|Any CPU
		{91E9679D-86CE-4F83-9712-90F15815841E}.Debug|x64.Build.0 = Debug|Any CPU
		{91E9679D-86CE-4F83-9712-90F15815841E}.Debug|x86.ActiveCfg = Debug|Any CPU
		{91E9679D-86CE-4F83-9712-90F15815841E}.Debug|x86.Build.0 = Debug|Any CPU
		{91E9679D-86CE-4F83-9712-90F15815841E}.Release|Any CPU.ActiveCfg = Release|Any CPU
		{91E9679D-86CE-4F83-9712-90F15815841E}.Release|Any CPU.Build.0 = Release|Any CPU
		{91E9679D-86CE-4F83-9712-90F15815841E}.Release|x64.ActiveCfg = Release|Any CPU
		{91E9679D-86CE-4F83-9712-90F15815841E}.Release|x64.Build.0 = Release|Any CPU
		{91E9679D-86CE-4F83-9712-90F15815841E}.Release|x86.ActiveCfg = Release|Any CPU
		{91E9679D-86CE-4F83-9712-90F15815841E}.Release|x86.Build.0 = Release|Any CPU
		{14EFB1AE-FA8D-41B0-BB3E-4273E931219D}.Debug|Any CPU.ActiveCfg = Debug|Any CPU
		{14EFB1AE-FA8D-41B0-BB3E-4273E931219D}.Debug|Any CPU.Build.0 = Debug|Any CPU
		{14EFB1AE-FA8D-41B0-BB3E-4273E931219D}.Debug|x64.ActiveCfg = Debug|Any CPU
		{14EFB1AE-FA8D-41B0-BB3E-4273E931219D}.Debug|x64.Build.0 = Debug|Any CPU
		{14EFB1AE-FA8D-41B0-BB3E-4273E931219D}.Debug|x86.ActiveCfg = Debug|Any CPU
		{14EFB1AE-FA8D-41B0-BB3E-4273E931219D}.Debug|x86.Build.0 = Debug|Any CPU
		{14EFB1AE-FA8D-41B0-BB3E-4273E931219D}.Release|Any CPU.ActiveCfg = Release|Any CPU
		{14EFB1AE-FA8D-41B0-BB3E-4273E931219D}.Release|Any CPU.Build.0 = Release|Any CPU
		{14EFB1AE-FA8D-41B0-BB3E-4273E931219D}.Release|x64.ActiveCfg = Release|Any CPU
		{14EFB1AE-FA8D-41B0-BB3E-4273E931219D}.Release|x64.Build.0 = Release|Any CPU
		{14EFB1AE-FA8D-41B0-BB3E-4273E931219D}.Release|x86.ActiveCfg = Release|Any CPU
		{14EFB1AE-FA8D-41B0-BB3E-4273E931219D}.Release|x86.Build.0 = Release|Any CPU
		{AACFF013-45F6-4226-B584-445EED5D8FF6}.Debug|Any CPU.ActiveCfg = Debug|Any CPU
		{AACFF013-45F6-4226-B584-445EED5D8FF6}.Debug|Any CPU.Build.0 = Debug|Any CPU
		{AACFF013-45F6-4226-B584-445EED5D8FF6}.Debug|x64.ActiveCfg = Debug|Any CPU
		{AACFF013-45F6-4226-B584-445EED5D8FF6}.Debug|x64.Build.0 = Debug|Any CPU
		{AACFF013-45F6-4226-B584-445EED5D8FF6}.Debug|x86.ActiveCfg = Debug|Any CPU
		{AACFF013-45F6-4226-B584-445EED5D8FF6}.Debug|x86.Build.0 = Debug|Any CPU
		{AACFF013-45F6-4226-B584-445EED5D8FF6}.Release|Any CPU.ActiveCfg = Release|Any CPU
		{AACFF013-45F6-4226-B584-445EED5D8FF6}.Release|Any CPU.Build.0 = Release|Any CPU
		{AACFF013-45F6-4226-B584-445EED5D8FF6}.Release|x64.ActiveCfg = Release|Any CPU
		{AACFF013-45F6-4226-B584-445EED5D8FF6}.Release|x64.Build.0 = Release|Any CPU
		{AACFF013-45F6-4226-B584-445EED5D8FF6}.Release|x86.ActiveCfg = Release|Any CPU
		{AACFF013-45F6-4226-B584-445EED5D8FF6}.Release|x86.Build.0 = Release|Any CPU
		{49A7D8D5-E4B5-4FD9-AA5B-E2B5D8BD5436}.Debug|Any CPU.ActiveCfg = Debug|Any CPU
		{49A7D8D5-E4B5-4FD9-AA5B-E2B5D8BD5436}.Debug|Any CPU.Build.0 = Debug|Any CPU
		{49A7D8D5-E4B5-4FD9-AA5B-E2B5D8BD5436}.Debug|x64.ActiveCfg = Debug|Any CPU
		{49A7D8D5-E4B5-4FD9-AA5B-E2B5D8BD5436}.Debug|x64.Build.0 = Debug|Any CPU
		{49A7D8D5-E4B5-4FD9-AA5B-E2B5D8BD5436}.Debug|x86.ActiveCfg = Debug|Any CPU
		{49A7D8D5-E4B5-4FD9-AA5B-E2B5D8BD5436}.Debug|x86.Build.0 = Debug|Any CPU
		{49A7D8D5-E4B5-4FD9-AA5B-E2B5D8BD5436}.Release|Any CPU.ActiveCfg = Release|Any CPU
		{49A7D8D5-E4B5-4FD9-AA5B-E2B5D8BD5436}.Release|Any CPU.Build.0 = Release|Any CPU
		{49A7D8D5-E4B5-4FD9-AA5B-E2B5D8BD5436}.Release|x64.ActiveCfg = Release|Any CPU
		{49A7D8D5-E4B5-4FD9-AA5B-E2B5D8BD5436}.Release|x64.Build.0 = Release|Any CPU
		{49A7D8D5-E4B5-4FD9-AA5B-E2B5D8BD5436}.Release|x86.ActiveCfg = Release|Any CPU
		{49A7D8D5-E4B5-4FD9-AA5B-E2B5D8BD5436}.Release|x86.Build.0 = Release|Any CPU
		{0528E9E9-525A-4530-AF4E-E86FBFB155F8}.Debug|Any CPU.ActiveCfg = Debug|Any CPU
		{0528E9E9-525A-4530-AF4E-E86FBFB155F8}.Debug|Any CPU.Build.0 = Debug|Any CPU
		{0528E9E9-525A-4530-AF4E-E86FBFB155F8}.Debug|x64.ActiveCfg = Debug|Any CPU
		{0528E9E9-525A-4530-AF4E-E86FBFB155F8}.Debug|x64.Build.0 = Debug|Any CPU
		{0528E9E9-525A-4530-AF4E-E86FBFB155F8}.Debug|x86.ActiveCfg = Debug|Any CPU
		{0528E9E9-525A-4530-AF4E-E86FBFB155F8}.Debug|x86.Build.0 = Debug|Any CPU
		{0528E9E9-525A-4530-AF4E-E86FBFB155F8}.Release|Any CPU.ActiveCfg = Release|Any CPU
		{0528E9E9-525A-4530-AF4E-E86FBFB155F8}.Release|Any CPU.Build.0 = Release|Any CPU
		{0528E9E9-525A-4530-AF4E-E86FBFB155F8}.Release|x64.ActiveCfg = Release|Any CPU
		{0528E9E9-525A-4530-AF4E-E86FBFB155F8}.Release|x64.Build.0 = Release|Any CPU
		{0528E9E9-525A-4530-AF4E-E86FBFB155F8}.Release|x86.ActiveCfg = Release|Any CPU
		{0528E9E9-525A-4530-AF4E-E86FBFB155F8}.Release|x86.Build.0 = Release|Any CPU
		{8010512F-D7ED-4364-A19B-A6BB61A3B6EC}.Debug|Any CPU.ActiveCfg = Debug|Any CPU
		{8010512F-D7ED-4364-A19B-A6BB61A3B6EC}.Debug|Any CPU.Build.0 = Debug|Any CPU
		{8010512F-D7ED-4364-A19B-A6BB61A3B6EC}.Debug|x64.ActiveCfg = Debug|Any CPU
		{8010512F-D7ED-4364-A19B-A6BB61A3B6EC}.Debug|x64.Build.0 = Debug|Any CPU
		{8010512F-D7ED-4364-A19B-A6BB61A3B6EC}.Debug|x86.ActiveCfg = Debug|Any CPU
		{8010512F-D7ED-4364-A19B-A6BB61A3B6EC}.Debug|x86.Build.0 = Debug|Any CPU
		{8010512F-D7ED-4364-A19B-A6BB61A3B6EC}.Release|Any CPU.ActiveCfg = Release|Any CPU
		{8010512F-D7ED-4364-A19B-A6BB61A3B6EC}.Release|Any CPU.Build.0 = Release|Any CPU
		{8010512F-D7ED-4364-A19B-A6BB61A3B6EC}.Release|x64.ActiveCfg = Release|Any CPU
		{8010512F-D7ED-4364-A19B-A6BB61A3B6EC}.Release|x64.Build.0 = Release|Any CPU
		{8010512F-D7ED-4364-A19B-A6BB61A3B6EC}.Release|x86.ActiveCfg = Release|Any CPU
		{8010512F-D7ED-4364-A19B-A6BB61A3B6EC}.Release|x86.Build.0 = Release|Any CPU
		{4369AF4A-3D8E-442D-AA46-7236AA8B77AF}.Debug|Any CPU.ActiveCfg = Debug|Any CPU
		{4369AF4A-3D8E-442D-AA46-7236AA8B77AF}.Debug|Any CPU.Build.0 = Debug|Any CPU
		{4369AF4A-3D8E-442D-AA46-7236AA8B77AF}.Debug|x64.ActiveCfg = Debug|Any CPU
		{4369AF4A-3D8E-442D-AA46-7236AA8B77AF}.Debug|x64.Build.0 = Debug|Any CPU
		{4369AF4A-3D8E-442D-AA46-7236AA8B77AF}.Debug|x86.ActiveCfg = Debug|Any CPU
		{4369AF4A-3D8E-442D-AA46-7236AA8B77AF}.Debug|x86.Build.0 = Debug|Any CPU
		{4369AF4A-3D8E-442D-AA46-7236AA8B77AF}.Release|Any CPU.ActiveCfg = Release|Any CPU
		{4369AF4A-3D8E-442D-AA46-7236AA8B77AF}.Release|Any CPU.Build.0 = Release|Any CPU
		{4369AF4A-3D8E-442D-AA46-7236AA8B77AF}.Release|x64.ActiveCfg = Release|Any CPU
		{4369AF4A-3D8E-442D-AA46-7236AA8B77AF}.Release|x64.Build.0 = Release|Any CPU
		{4369AF4A-3D8E-442D-AA46-7236AA8B77AF}.Release|x86.ActiveCfg = Release|Any CPU
		{4369AF4A-3D8E-442D-AA46-7236AA8B77AF}.Release|x86.Build.0 = Release|Any CPU
		{57EE180D-4969-4B96-A923-C1A27CC341ED}.Debug|Any CPU.ActiveCfg = Debug|Any CPU
		{57EE180D-4969-4B96-A923-C1A27CC341ED}.Debug|Any CPU.Build.0 = Debug|Any CPU
		{57EE180D-4969-4B96-A923-C1A27CC341ED}.Debug|x64.ActiveCfg = Debug|Any CPU
		{57EE180D-4969-4B96-A923-C1A27CC341ED}.Debug|x64.Build.0 = Debug|Any CPU
		{57EE180D-4969-4B96-A923-C1A27CC341ED}.Debug|x86.ActiveCfg = Debug|Any CPU
		{57EE180D-4969-4B96-A923-C1A27CC341ED}.Debug|x86.Build.0 = Debug|Any CPU
		{57EE180D-4969-4B96-A923-C1A27CC341ED}.Release|Any CPU.ActiveCfg = Release|Any CPU
		{57EE180D-4969-4B96-A923-C1A27CC341ED}.Release|Any CPU.Build.0 = Release|Any CPU
		{57EE180D-4969-4B96-A923-C1A27CC341ED}.Release|x64.ActiveCfg = Release|Any CPU
		{57EE180D-4969-4B96-A923-C1A27CC341ED}.Release|x64.Build.0 = Release|Any CPU
		{57EE180D-4969-4B96-A923-C1A27CC341ED}.Release|x86.ActiveCfg = Release|Any CPU
		{57EE180D-4969-4B96-A923-C1A27CC341ED}.Release|x86.Build.0 = Release|Any CPU
		{EAD1F061-D6DB-4250-A377-563AADDB4C96}.Debug|Any CPU.ActiveCfg = Debug|Any CPU
		{EAD1F061-D6DB-4250-A377-563AADDB4C96}.Debug|Any CPU.Build.0 = Debug|Any CPU
		{EAD1F061-D6DB-4250-A377-563AADDB4C96}.Debug|x64.ActiveCfg = Debug|Any CPU
		{EAD1F061-D6DB-4250-A377-563AADDB4C96}.Debug|x64.Build.0 = Debug|Any CPU
		{EAD1F061-D6DB-4250-A377-563AADDB4C96}.Debug|x86.ActiveCfg = Debug|Any CPU
		{EAD1F061-D6DB-4250-A377-563AADDB4C96}.Debug|x86.Build.0 = Debug|Any CPU
		{EAD1F061-D6DB-4250-A377-563AADDB4C96}.Release|Any CPU.ActiveCfg = Release|Any CPU
		{EAD1F061-D6DB-4250-A377-563AADDB4C96}.Release|Any CPU.Build.0 = Release|Any CPU
		{EAD1F061-D6DB-4250-A377-563AADDB4C96}.Release|x64.ActiveCfg = Release|Any CPU
		{EAD1F061-D6DB-4250-A377-563AADDB4C96}.Release|x64.Build.0 = Release|Any CPU
		{EAD1F061-D6DB-4250-A377-563AADDB4C96}.Release|x86.ActiveCfg = Release|Any CPU
		{EAD1F061-D6DB-4250-A377-563AADDB4C96}.Release|x86.Build.0 = Release|Any CPU
		{DA0E119F-5163-4F6C-B2FF-27384EFBFD6C}.Debug|Any CPU.ActiveCfg = Debug|Any CPU
		{DA0E119F-5163-4F6C-B2FF-27384EFBFD6C}.Debug|Any CPU.Build.0 = Debug|Any CPU
		{DA0E119F-5163-4F6C-B2FF-27384EFBFD6C}.Debug|x64.ActiveCfg = Debug|Any CPU
		{DA0E119F-5163-4F6C-B2FF-27384EFBFD6C}.Debug|x64.Build.0 = Debug|Any CPU
		{DA0E119F-5163-4F6C-B2FF-27384EFBFD6C}.Debug|x86.ActiveCfg = Debug|Any CPU
		{DA0E119F-5163-4F6C-B2FF-27384EFBFD6C}.Debug|x86.Build.0 = Debug|Any CPU
		{DA0E119F-5163-4F6C-B2FF-27384EFBFD6C}.Release|Any CPU.ActiveCfg = Release|Any CPU
		{DA0E119F-5163-4F6C-B2FF-27384EFBFD6C}.Release|Any CPU.Build.0 = Release|Any CPU
		{DA0E119F-5163-4F6C-B2FF-27384EFBFD6C}.Release|x64.ActiveCfg = Release|Any CPU
		{DA0E119F-5163-4F6C-B2FF-27384EFBFD6C}.Release|x64.Build.0 = Release|Any CPU
		{DA0E119F-5163-4F6C-B2FF-27384EFBFD6C}.Release|x86.ActiveCfg = Release|Any CPU
		{DA0E119F-5163-4F6C-B2FF-27384EFBFD6C}.Release|x86.Build.0 = Release|Any CPU
		{425E3998-DDC8-4EA7-B7C0-0AB8CC991E16}.Debug|Any CPU.ActiveCfg = Debug|Any CPU
		{425E3998-DDC8-4EA7-B7C0-0AB8CC991E16}.Debug|Any CPU.Build.0 = Debug|Any CPU
		{425E3998-DDC8-4EA7-B7C0-0AB8CC991E16}.Debug|x64.ActiveCfg = Debug|Any CPU
		{425E3998-DDC8-4EA7-B7C0-0AB8CC991E16}.Debug|x64.Build.0 = Debug|Any CPU
		{425E3998-DDC8-4EA7-B7C0-0AB8CC991E16}.Debug|x86.ActiveCfg = Debug|Any CPU
		{425E3998-DDC8-4EA7-B7C0-0AB8CC991E16}.Debug|x86.Build.0 = Debug|Any CPU
		{425E3998-DDC8-4EA7-B7C0-0AB8CC991E16}.Release|Any CPU.ActiveCfg = Release|Any CPU
		{425E3998-DDC8-4EA7-B7C0-0AB8CC991E16}.Release|Any CPU.Build.0 = Release|Any CPU
		{425E3998-DDC8-4EA7-B7C0-0AB8CC991E16}.Release|x64.ActiveCfg = Release|Any CPU
		{425E3998-DDC8-4EA7-B7C0-0AB8CC991E16}.Release|x64.Build.0 = Release|Any CPU
		{425E3998-DDC8-4EA7-B7C0-0AB8CC991E16}.Release|x86.ActiveCfg = Release|Any CPU
		{425E3998-DDC8-4EA7-B7C0-0AB8CC991E16}.Release|x86.Build.0 = Release|Any CPU
		{6488EF3D-238E-444E-ADE6-3A74FFAAA153}.Debug|Any CPU.ActiveCfg = Debug|Any CPU
		{6488EF3D-238E-444E-ADE6-3A74FFAAA153}.Debug|Any CPU.Build.0 = Debug|Any CPU
		{6488EF3D-238E-444E-ADE6-3A74FFAAA153}.Debug|x64.ActiveCfg = Debug|Any CPU
		{6488EF3D-238E-444E-ADE6-3A74FFAAA153}.Debug|x64.Build.0 = Debug|Any CPU
		{6488EF3D-238E-444E-ADE6-3A74FFAAA153}.Debug|x86.ActiveCfg = Debug|Any CPU
		{6488EF3D-238E-444E-ADE6-3A74FFAAA153}.Debug|x86.Build.0 = Debug|Any CPU
		{6488EF3D-238E-444E-ADE6-3A74FFAAA153}.Release|Any CPU.ActiveCfg = Release|Any CPU
		{6488EF3D-238E-444E-ADE6-3A74FFAAA153}.Release|Any CPU.Build.0 = Release|Any CPU
		{6488EF3D-238E-444E-ADE6-3A74FFAAA153}.Release|x64.ActiveCfg = Release|Any CPU
		{6488EF3D-238E-444E-ADE6-3A74FFAAA153}.Release|x64.Build.0 = Release|Any CPU
		{6488EF3D-238E-444E-ADE6-3A74FFAAA153}.Release|x86.ActiveCfg = Release|Any CPU
		{6488EF3D-238E-444E-ADE6-3A74FFAAA153}.Release|x86.Build.0 = Release|Any CPU
		{2FE975C7-3F4F-48C1-99FA-C70D3A196502}.Debug|Any CPU.ActiveCfg = Debug|Any CPU
		{2FE975C7-3F4F-48C1-99FA-C70D3A196502}.Debug|Any CPU.Build.0 = Debug|Any CPU
		{2FE975C7-3F4F-48C1-99FA-C70D3A196502}.Debug|x64.ActiveCfg = Debug|Any CPU
		{2FE975C7-3F4F-48C1-99FA-C70D3A196502}.Debug|x64.Build.0 = Debug|Any CPU
		{2FE975C7-3F4F-48C1-99FA-C70D3A196502}.Debug|x86.ActiveCfg = Debug|Any CPU
		{2FE975C7-3F4F-48C1-99FA-C70D3A196502}.Debug|x86.Build.0 = Debug|Any CPU
		{2FE975C7-3F4F-48C1-99FA-C70D3A196502}.Release|Any CPU.ActiveCfg = Release|Any CPU
		{2FE975C7-3F4F-48C1-99FA-C70D3A196502}.Release|Any CPU.Build.0 = Release|Any CPU
		{2FE975C7-3F4F-48C1-99FA-C70D3A196502}.Release|x64.ActiveCfg = Release|Any CPU
		{2FE975C7-3F4F-48C1-99FA-C70D3A196502}.Release|x64.Build.0 = Release|Any CPU
		{2FE975C7-3F4F-48C1-99FA-C70D3A196502}.Release|x86.ActiveCfg = Release|Any CPU
		{2FE975C7-3F4F-48C1-99FA-C70D3A196502}.Release|x86.Build.0 = Release|Any CPU
		{AD2DDEB4-794B-4226-9C5E-8DADCA7F108A}.Debug|Any CPU.ActiveCfg = Debug|Any CPU
		{AD2DDEB4-794B-4226-9C5E-8DADCA7F108A}.Debug|Any CPU.Build.0 = Debug|Any CPU
		{AD2DDEB4-794B-4226-9C5E-8DADCA7F108A}.Debug|x64.ActiveCfg = Debug|Any CPU
		{AD2DDEB4-794B-4226-9C5E-8DADCA7F108A}.Debug|x64.Build.0 = Debug|Any CPU
		{AD2DDEB4-794B-4226-9C5E-8DADCA7F108A}.Debug|x86.ActiveCfg = Debug|Any CPU
		{AD2DDEB4-794B-4226-9C5E-8DADCA7F108A}.Debug|x86.Build.0 = Debug|Any CPU
		{AD2DDEB4-794B-4226-9C5E-8DADCA7F108A}.Release|Any CPU.ActiveCfg = Release|Any CPU
		{AD2DDEB4-794B-4226-9C5E-8DADCA7F108A}.Release|Any CPU.Build.0 = Release|Any CPU
		{AD2DDEB4-794B-4226-9C5E-8DADCA7F108A}.Release|x64.ActiveCfg = Release|Any CPU
		{AD2DDEB4-794B-4226-9C5E-8DADCA7F108A}.Release|x64.Build.0 = Release|Any CPU
		{AD2DDEB4-794B-4226-9C5E-8DADCA7F108A}.Release|x86.ActiveCfg = Release|Any CPU
		{AD2DDEB4-794B-4226-9C5E-8DADCA7F108A}.Release|x86.Build.0 = Release|Any CPU
		{B1D6F8B4-7CBB-42C5-A63A-8C8DA7FB8BD5}.Debug|Any CPU.ActiveCfg = Debug|Any CPU
		{B1D6F8B4-7CBB-42C5-A63A-8C8DA7FB8BD5}.Debug|Any CPU.Build.0 = Debug|Any CPU
		{B1D6F8B4-7CBB-42C5-A63A-8C8DA7FB8BD5}.Debug|x64.ActiveCfg = Debug|Any CPU
		{B1D6F8B4-7CBB-42C5-A63A-8C8DA7FB8BD5}.Debug|x64.Build.0 = Debug|Any CPU
		{B1D6F8B4-7CBB-42C5-A63A-8C8DA7FB8BD5}.Debug|x86.ActiveCfg = Debug|Any CPU
		{B1D6F8B4-7CBB-42C5-A63A-8C8DA7FB8BD5}.Debug|x86.Build.0 = Debug|Any CPU
		{B1D6F8B4-7CBB-42C5-A63A-8C8DA7FB8BD5}.Release|Any CPU.ActiveCfg = Release|Any CPU
		{B1D6F8B4-7CBB-42C5-A63A-8C8DA7FB8BD5}.Release|Any CPU.Build.0 = Release|Any CPU
		{B1D6F8B4-7CBB-42C5-A63A-8C8DA7FB8BD5}.Release|x64.ActiveCfg = Release|Any CPU
		{B1D6F8B4-7CBB-42C5-A63A-8C8DA7FB8BD5}.Release|x64.Build.0 = Release|Any CPU
		{B1D6F8B4-7CBB-42C5-A63A-8C8DA7FB8BD5}.Release|x86.ActiveCfg = Release|Any CPU
		{B1D6F8B4-7CBB-42C5-A63A-8C8DA7FB8BD5}.Release|x86.Build.0 = Release|Any CPU
		{0BA134B0-8433-4455-9CF1-0023CD84B1A2}.Debug|Any CPU.ActiveCfg = Debug|Any CPU
		{0BA134B0-8433-4455-9CF1-0023CD84B1A2}.Debug|Any CPU.Build.0 = Debug|Any CPU
		{0BA134B0-8433-4455-9CF1-0023CD84B1A2}.Debug|x64.ActiveCfg = Debug|Any CPU
		{0BA134B0-8433-4455-9CF1-0023CD84B1A2}.Debug|x64.Build.0 = Debug|Any CPU
		{0BA134B0-8433-4455-9CF1-0023CD84B1A2}.Debug|x86.ActiveCfg = Debug|Any CPU
		{0BA134B0-8433-4455-9CF1-0023CD84B1A2}.Debug|x86.Build.0 = Debug|Any CPU
		{0BA134B0-8433-4455-9CF1-0023CD84B1A2}.Release|Any CPU.ActiveCfg = Release|Any CPU
		{0BA134B0-8433-4455-9CF1-0023CD84B1A2}.Release|Any CPU.Build.0 = Release|Any CPU
		{0BA134B0-8433-4455-9CF1-0023CD84B1A2}.Release|x64.ActiveCfg = Release|Any CPU
		{0BA134B0-8433-4455-9CF1-0023CD84B1A2}.Release|x64.Build.0 = Release|Any CPU
		{0BA134B0-8433-4455-9CF1-0023CD84B1A2}.Release|x86.ActiveCfg = Release|Any CPU
		{0BA134B0-8433-4455-9CF1-0023CD84B1A2}.Release|x86.Build.0 = Release|Any CPU
		{681E21AE-AE1D-486B-9AE1-D0F59613A417}.Debug|Any CPU.ActiveCfg = Debug|Any CPU
		{681E21AE-AE1D-486B-9AE1-D0F59613A417}.Debug|Any CPU.Build.0 = Debug|Any CPU
		{681E21AE-AE1D-486B-9AE1-D0F59613A417}.Debug|x64.ActiveCfg = Debug|Any CPU
		{681E21AE-AE1D-486B-9AE1-D0F59613A417}.Debug|x64.Build.0 = Debug|Any CPU
		{681E21AE-AE1D-486B-9AE1-D0F59613A417}.Debug|x86.ActiveCfg = Debug|Any CPU
		{681E21AE-AE1D-486B-9AE1-D0F59613A417}.Debug|x86.Build.0 = Debug|Any CPU
		{681E21AE-AE1D-486B-9AE1-D0F59613A417}.Release|Any CPU.ActiveCfg = Release|Any CPU
		{681E21AE-AE1D-486B-9AE1-D0F59613A417}.Release|Any CPU.Build.0 = Release|Any CPU
		{681E21AE-AE1D-486B-9AE1-D0F59613A417}.Release|x64.ActiveCfg = Release|Any CPU
		{681E21AE-AE1D-486B-9AE1-D0F59613A417}.Release|x64.Build.0 = Release|Any CPU
		{681E21AE-AE1D-486B-9AE1-D0F59613A417}.Release|x86.ActiveCfg = Release|Any CPU
		{681E21AE-AE1D-486B-9AE1-D0F59613A417}.Release|x86.Build.0 = Release|Any CPU
		{38ABEC8C-CAD9-4EAB-8A33-4B4401CAAE3F}.Debug|Any CPU.ActiveCfg = Debug|Any CPU
		{38ABEC8C-CAD9-4EAB-8A33-4B4401CAAE3F}.Debug|Any CPU.Build.0 = Debug|Any CPU
		{38ABEC8C-CAD9-4EAB-8A33-4B4401CAAE3F}.Debug|x64.ActiveCfg = Debug|Any CPU
		{38ABEC8C-CAD9-4EAB-8A33-4B4401CAAE3F}.Debug|x64.Build.0 = Debug|Any CPU
		{38ABEC8C-CAD9-4EAB-8A33-4B4401CAAE3F}.Debug|x86.ActiveCfg = Debug|Any CPU
		{38ABEC8C-CAD9-4EAB-8A33-4B4401CAAE3F}.Debug|x86.Build.0 = Debug|Any CPU
		{38ABEC8C-CAD9-4EAB-8A33-4B4401CAAE3F}.Release|Any CPU.ActiveCfg = Release|Any CPU
		{38ABEC8C-CAD9-4EAB-8A33-4B4401CAAE3F}.Release|Any CPU.Build.0 = Release|Any CPU
		{38ABEC8C-CAD9-4EAB-8A33-4B4401CAAE3F}.Release|x64.ActiveCfg = Release|Any CPU
		{38ABEC8C-CAD9-4EAB-8A33-4B4401CAAE3F}.Release|x64.Build.0 = Release|Any CPU
		{38ABEC8C-CAD9-4EAB-8A33-4B4401CAAE3F}.Release|x86.ActiveCfg = Release|Any CPU
		{38ABEC8C-CAD9-4EAB-8A33-4B4401CAAE3F}.Release|x86.Build.0 = Release|Any CPU
		{7C0B59D9-0C04-4626-9B11-FB03F3BCE66B}.Debug|Any CPU.ActiveCfg = Debug|Any CPU
		{7C0B59D9-0C04-4626-9B11-FB03F3BCE66B}.Debug|Any CPU.Build.0 = Debug|Any CPU
		{7C0B59D9-0C04-4626-9B11-FB03F3BCE66B}.Debug|x64.ActiveCfg = Debug|Any CPU
		{7C0B59D9-0C04-4626-9B11-FB03F3BCE66B}.Debug|x64.Build.0 = Debug|Any CPU
		{7C0B59D9-0C04-4626-9B11-FB03F3BCE66B}.Debug|x86.ActiveCfg = Debug|Any CPU
		{7C0B59D9-0C04-4626-9B11-FB03F3BCE66B}.Debug|x86.Build.0 = Debug|Any CPU
		{7C0B59D9-0C04-4626-9B11-FB03F3BCE66B}.Release|Any CPU.ActiveCfg = Release|Any CPU
		{7C0B59D9-0C04-4626-9B11-FB03F3BCE66B}.Release|Any CPU.Build.0 = Release|Any CPU
		{7C0B59D9-0C04-4626-9B11-FB03F3BCE66B}.Release|x64.ActiveCfg = Release|Any CPU
		{7C0B59D9-0C04-4626-9B11-FB03F3BCE66B}.Release|x64.Build.0 = Release|Any CPU
		{7C0B59D9-0C04-4626-9B11-FB03F3BCE66B}.Release|x86.ActiveCfg = Release|Any CPU
		{7C0B59D9-0C04-4626-9B11-FB03F3BCE66B}.Release|x86.Build.0 = Release|Any CPU
		{8AA7DDA4-173B-43B6-BC87-B42309556936}.Debug|Any CPU.ActiveCfg = Debug|Any CPU
		{8AA7DDA4-173B-43B6-BC87-B42309556936}.Debug|Any CPU.Build.0 = Debug|Any CPU
		{8AA7DDA4-173B-43B6-BC87-B42309556936}.Debug|x64.ActiveCfg = Debug|Any CPU
		{8AA7DDA4-173B-43B6-BC87-B42309556936}.Debug|x64.Build.0 = Debug|Any CPU
		{8AA7DDA4-173B-43B6-BC87-B42309556936}.Debug|x86.ActiveCfg = Debug|Any CPU
		{8AA7DDA4-173B-43B6-BC87-B42309556936}.Debug|x86.Build.0 = Debug|Any CPU
		{8AA7DDA4-173B-43B6-BC87-B42309556936}.Release|Any CPU.ActiveCfg = Release|Any CPU
		{8AA7DDA4-173B-43B6-BC87-B42309556936}.Release|Any CPU.Build.0 = Release|Any CPU
		{8AA7DDA4-173B-43B6-BC87-B42309556936}.Release|x64.ActiveCfg = Release|Any CPU
		{8AA7DDA4-173B-43B6-BC87-B42309556936}.Release|x64.Build.0 = Release|Any CPU
		{8AA7DDA4-173B-43B6-BC87-B42309556936}.Release|x86.ActiveCfg = Release|Any CPU
		{8AA7DDA4-173B-43B6-BC87-B42309556936}.Release|x86.Build.0 = Release|Any CPU
		{07728A1D-ABA9-4E25-91A7-44C0E35220F1}.Debug|Any CPU.ActiveCfg = Debug|Any CPU
		{07728A1D-ABA9-4E25-91A7-44C0E35220F1}.Debug|Any CPU.Build.0 = Debug|Any CPU
		{07728A1D-ABA9-4E25-91A7-44C0E35220F1}.Debug|x64.ActiveCfg = Debug|Any CPU
		{07728A1D-ABA9-4E25-91A7-44C0E35220F1}.Debug|x64.Build.0 = Debug|Any CPU
		{07728A1D-ABA9-4E25-91A7-44C0E35220F1}.Debug|x86.ActiveCfg = Debug|Any CPU
		{07728A1D-ABA9-4E25-91A7-44C0E35220F1}.Debug|x86.Build.0 = Debug|Any CPU
		{07728A1D-ABA9-4E25-91A7-44C0E35220F1}.Release|Any CPU.ActiveCfg = Release|Any CPU
		{07728A1D-ABA9-4E25-91A7-44C0E35220F1}.Release|Any CPU.Build.0 = Release|Any CPU
		{07728A1D-ABA9-4E25-91A7-44C0E35220F1}.Release|x64.ActiveCfg = Release|Any CPU
		{07728A1D-ABA9-4E25-91A7-44C0E35220F1}.Release|x64.Build.0 = Release|Any CPU
		{07728A1D-ABA9-4E25-91A7-44C0E35220F1}.Release|x86.ActiveCfg = Release|Any CPU
		{07728A1D-ABA9-4E25-91A7-44C0E35220F1}.Release|x86.Build.0 = Release|Any CPU
		{4FF1D3BF-A9A6-4FB9-BD64-7121EEE2B749}.Debug|Any CPU.ActiveCfg = Debug|Any CPU
		{4FF1D3BF-A9A6-4FB9-BD64-7121EEE2B749}.Debug|Any CPU.Build.0 = Debug|Any CPU
		{4FF1D3BF-A9A6-4FB9-BD64-7121EEE2B749}.Debug|x64.ActiveCfg = Debug|Any CPU
		{4FF1D3BF-A9A6-4FB9-BD64-7121EEE2B749}.Debug|x64.Build.0 = Debug|Any CPU
		{4FF1D3BF-A9A6-4FB9-BD64-7121EEE2B749}.Debug|x86.ActiveCfg = Debug|Any CPU
		{4FF1D3BF-A9A6-4FB9-BD64-7121EEE2B749}.Debug|x86.Build.0 = Debug|Any CPU
		{4FF1D3BF-A9A6-4FB9-BD64-7121EEE2B749}.Release|Any CPU.ActiveCfg = Release|Any CPU
		{4FF1D3BF-A9A6-4FB9-BD64-7121EEE2B749}.Release|Any CPU.Build.0 = Release|Any CPU
		{4FF1D3BF-A9A6-4FB9-BD64-7121EEE2B749}.Release|x64.ActiveCfg = Release|Any CPU
		{4FF1D3BF-A9A6-4FB9-BD64-7121EEE2B749}.Release|x64.Build.0 = Release|Any CPU
		{4FF1D3BF-A9A6-4FB9-BD64-7121EEE2B749}.Release|x86.ActiveCfg = Release|Any CPU
		{4FF1D3BF-A9A6-4FB9-BD64-7121EEE2B749}.Release|x86.Build.0 = Release|Any CPU
		{21E5A891-3E07-4BBF-8294-B990F3FD858A}.Debug|Any CPU.ActiveCfg = Debug|Any CPU
		{21E5A891-3E07-4BBF-8294-B990F3FD858A}.Debug|Any CPU.Build.0 = Debug|Any CPU
		{21E5A891-3E07-4BBF-8294-B990F3FD858A}.Debug|x64.ActiveCfg = Debug|Any CPU
		{21E5A891-3E07-4BBF-8294-B990F3FD858A}.Debug|x64.Build.0 = Debug|Any CPU
		{21E5A891-3E07-4BBF-8294-B990F3FD858A}.Debug|x86.ActiveCfg = Debug|Any CPU
		{21E5A891-3E07-4BBF-8294-B990F3FD858A}.Debug|x86.Build.0 = Debug|Any CPU
		{21E5A891-3E07-4BBF-8294-B990F3FD858A}.Release|Any CPU.ActiveCfg = Release|Any CPU
		{21E5A891-3E07-4BBF-8294-B990F3FD858A}.Release|Any CPU.Build.0 = Release|Any CPU
		{21E5A891-3E07-4BBF-8294-B990F3FD858A}.Release|x64.ActiveCfg = Release|Any CPU
		{21E5A891-3E07-4BBF-8294-B990F3FD858A}.Release|x64.Build.0 = Release|Any CPU
		{21E5A891-3E07-4BBF-8294-B990F3FD858A}.Release|x86.ActiveCfg = Release|Any CPU
		{21E5A891-3E07-4BBF-8294-B990F3FD858A}.Release|x86.Build.0 = Release|Any CPU
		{DBCD6D07-39A0-439C-BB90-BA6CB4344770}.Debug|Any CPU.ActiveCfg = Debug|Any CPU
		{DBCD6D07-39A0-439C-BB90-BA6CB4344770}.Debug|Any CPU.Build.0 = Debug|Any CPU
		{DBCD6D07-39A0-439C-BB90-BA6CB4344770}.Debug|x64.ActiveCfg = Debug|Any CPU
		{DBCD6D07-39A0-439C-BB90-BA6CB4344770}.Debug|x64.Build.0 = Debug|Any CPU
		{DBCD6D07-39A0-439C-BB90-BA6CB4344770}.Debug|x86.ActiveCfg = Debug|Any CPU
		{DBCD6D07-39A0-439C-BB90-BA6CB4344770}.Debug|x86.Build.0 = Debug|Any CPU
		{DBCD6D07-39A0-439C-BB90-BA6CB4344770}.Release|Any CPU.ActiveCfg = Release|Any CPU
		{DBCD6D07-39A0-439C-BB90-BA6CB4344770}.Release|Any CPU.Build.0 = Release|Any CPU
		{DBCD6D07-39A0-439C-BB90-BA6CB4344770}.Release|x64.ActiveCfg = Release|Any CPU
		{DBCD6D07-39A0-439C-BB90-BA6CB4344770}.Release|x64.Build.0 = Release|Any CPU
		{DBCD6D07-39A0-439C-BB90-BA6CB4344770}.Release|x86.ActiveCfg = Release|Any CPU
		{DBCD6D07-39A0-439C-BB90-BA6CB4344770}.Release|x86.Build.0 = Release|Any CPU
		{70D28289-2357-45AD-BC42-4DA4BE455369}.Debug|Any CPU.ActiveCfg = Debug|Any CPU
		{70D28289-2357-45AD-BC42-4DA4BE455369}.Debug|Any CPU.Build.0 = Debug|Any CPU
		{70D28289-2357-45AD-BC42-4DA4BE455369}.Debug|x64.ActiveCfg = Debug|Any CPU
		{70D28289-2357-45AD-BC42-4DA4BE455369}.Debug|x64.Build.0 = Debug|Any CPU
		{70D28289-2357-45AD-BC42-4DA4BE455369}.Debug|x86.ActiveCfg = Debug|Any CPU
		{70D28289-2357-45AD-BC42-4DA4BE455369}.Debug|x86.Build.0 = Debug|Any CPU
		{70D28289-2357-45AD-BC42-4DA4BE455369}.Release|Any CPU.ActiveCfg = Release|Any CPU
		{70D28289-2357-45AD-BC42-4DA4BE455369}.Release|Any CPU.Build.0 = Release|Any CPU
		{70D28289-2357-45AD-BC42-4DA4BE455369}.Release|x64.ActiveCfg = Release|Any CPU
		{70D28289-2357-45AD-BC42-4DA4BE455369}.Release|x64.Build.0 = Release|Any CPU
		{70D28289-2357-45AD-BC42-4DA4BE455369}.Release|x86.ActiveCfg = Release|Any CPU
		{70D28289-2357-45AD-BC42-4DA4BE455369}.Release|x86.Build.0 = Release|Any CPU
		{B8EA4178-80C4-4958-8AC6-DF6EB78CA334}.Debug|Any CPU.ActiveCfg = Debug|Any CPU
		{B8EA4178-80C4-4958-8AC6-DF6EB78CA334}.Debug|Any CPU.Build.0 = Debug|Any CPU
		{B8EA4178-80C4-4958-8AC6-DF6EB78CA334}.Debug|x64.ActiveCfg = Debug|Any CPU
		{B8EA4178-80C4-4958-8AC6-DF6EB78CA334}.Debug|x64.Build.0 = Debug|Any CPU
		{B8EA4178-80C4-4958-8AC6-DF6EB78CA334}.Debug|x86.ActiveCfg = Debug|Any CPU
		{B8EA4178-80C4-4958-8AC6-DF6EB78CA334}.Debug|x86.Build.0 = Debug|Any CPU
		{B8EA4178-80C4-4958-8AC6-DF6EB78CA334}.Release|Any CPU.ActiveCfg = Release|Any CPU
		{B8EA4178-80C4-4958-8AC6-DF6EB78CA334}.Release|Any CPU.Build.0 = Release|Any CPU
		{B8EA4178-80C4-4958-8AC6-DF6EB78CA334}.Release|x64.ActiveCfg = Release|Any CPU
		{B8EA4178-80C4-4958-8AC6-DF6EB78CA334}.Release|x64.Build.0 = Release|Any CPU
		{B8EA4178-80C4-4958-8AC6-DF6EB78CA334}.Release|x86.ActiveCfg = Release|Any CPU
		{B8EA4178-80C4-4958-8AC6-DF6EB78CA334}.Release|x86.Build.0 = Release|Any CPU
		{E2AB9234-B2AA-439A-A328-1A9BF4F98ED0}.Debug|Any CPU.ActiveCfg = Debug|Any CPU
		{E2AB9234-B2AA-439A-A328-1A9BF4F98ED0}.Debug|Any CPU.Build.0 = Debug|Any CPU
		{E2AB9234-B2AA-439A-A328-1A9BF4F98ED0}.Debug|x64.ActiveCfg = Debug|Any CPU
		{E2AB9234-B2AA-439A-A328-1A9BF4F98ED0}.Debug|x64.Build.0 = Debug|Any CPU
		{E2AB9234-B2AA-439A-A328-1A9BF4F98ED0}.Debug|x86.ActiveCfg = Debug|Any CPU
		{E2AB9234-B2AA-439A-A328-1A9BF4F98ED0}.Debug|x86.Build.0 = Debug|Any CPU
		{E2AB9234-B2AA-439A-A328-1A9BF4F98ED0}.Release|Any CPU.ActiveCfg = Release|Any CPU
		{E2AB9234-B2AA-439A-A328-1A9BF4F98ED0}.Release|Any CPU.Build.0 = Release|Any CPU
		{E2AB9234-B2AA-439A-A328-1A9BF4F98ED0}.Release|x64.ActiveCfg = Release|Any CPU
		{E2AB9234-B2AA-439A-A328-1A9BF4F98ED0}.Release|x64.Build.0 = Release|Any CPU
		{E2AB9234-B2AA-439A-A328-1A9BF4F98ED0}.Release|x86.ActiveCfg = Release|Any CPU
		{E2AB9234-B2AA-439A-A328-1A9BF4F98ED0}.Release|x86.Build.0 = Release|Any CPU
		{F1BB11DA-F8CE-45E4-BB11-1E9D21968C08}.Debug|Any CPU.ActiveCfg = Debug|Any CPU
		{F1BB11DA-F8CE-45E4-BB11-1E9D21968C08}.Debug|Any CPU.Build.0 = Debug|Any CPU
		{F1BB11DA-F8CE-45E4-BB11-1E9D21968C08}.Debug|x64.ActiveCfg = Debug|Any CPU
		{F1BB11DA-F8CE-45E4-BB11-1E9D21968C08}.Debug|x64.Build.0 = Debug|Any CPU
		{F1BB11DA-F8CE-45E4-BB11-1E9D21968C08}.Debug|x86.ActiveCfg = Debug|Any CPU
		{F1BB11DA-F8CE-45E4-BB11-1E9D21968C08}.Debug|x86.Build.0 = Debug|Any CPU
		{F1BB11DA-F8CE-45E4-BB11-1E9D21968C08}.Release|Any CPU.ActiveCfg = Release|Any CPU
		{F1BB11DA-F8CE-45E4-BB11-1E9D21968C08}.Release|Any CPU.Build.0 = Release|Any CPU
		{F1BB11DA-F8CE-45E4-BB11-1E9D21968C08}.Release|x64.ActiveCfg = Release|Any CPU
		{F1BB11DA-F8CE-45E4-BB11-1E9D21968C08}.Release|x64.Build.0 = Release|Any CPU
		{F1BB11DA-F8CE-45E4-BB11-1E9D21968C08}.Release|x86.ActiveCfg = Release|Any CPU
		{F1BB11DA-F8CE-45E4-BB11-1E9D21968C08}.Release|x86.Build.0 = Release|Any CPU
		{86E757B0-A8A2-42D3-B0A0-FB99E76E7EB8}.Debug|Any CPU.ActiveCfg = Debug|Any CPU
		{86E757B0-A8A2-42D3-B0A0-FB99E76E7EB8}.Debug|Any CPU.Build.0 = Debug|Any CPU
		{86E757B0-A8A2-42D3-B0A0-FB99E76E7EB8}.Debug|x64.ActiveCfg = Debug|Any CPU
		{86E757B0-A8A2-42D3-B0A0-FB99E76E7EB8}.Debug|x64.Build.0 = Debug|Any CPU
		{86E757B0-A8A2-42D3-B0A0-FB99E76E7EB8}.Debug|x86.ActiveCfg = Debug|Any CPU
		{86E757B0-A8A2-42D3-B0A0-FB99E76E7EB8}.Debug|x86.Build.0 = Debug|Any CPU
		{86E757B0-A8A2-42D3-B0A0-FB99E76E7EB8}.Release|Any CPU.ActiveCfg = Release|Any CPU
		{86E757B0-A8A2-42D3-B0A0-FB99E76E7EB8}.Release|Any CPU.Build.0 = Release|Any CPU
		{86E757B0-A8A2-42D3-B0A0-FB99E76E7EB8}.Release|x64.ActiveCfg = Release|Any CPU
		{86E757B0-A8A2-42D3-B0A0-FB99E76E7EB8}.Release|x64.Build.0 = Release|Any CPU
		{86E757B0-A8A2-42D3-B0A0-FB99E76E7EB8}.Release|x86.ActiveCfg = Release|Any CPU
		{86E757B0-A8A2-42D3-B0A0-FB99E76E7EB8}.Release|x86.Build.0 = Release|Any CPU
		{70E1A994-E9C9-4EFE-BBD0-5B3167112A39}.Debug|Any CPU.ActiveCfg = Debug|Any CPU
		{70E1A994-E9C9-4EFE-BBD0-5B3167112A39}.Debug|Any CPU.Build.0 = Debug|Any CPU
		{70E1A994-E9C9-4EFE-BBD0-5B3167112A39}.Debug|x64.ActiveCfg = Debug|Any CPU
		{70E1A994-E9C9-4EFE-BBD0-5B3167112A39}.Debug|x64.Build.0 = Debug|Any CPU
		{70E1A994-E9C9-4EFE-BBD0-5B3167112A39}.Debug|x86.ActiveCfg = Debug|Any CPU
		{70E1A994-E9C9-4EFE-BBD0-5B3167112A39}.Debug|x86.Build.0 = Debug|Any CPU
		{70E1A994-E9C9-4EFE-BBD0-5B3167112A39}.Release|Any CPU.ActiveCfg = Release|Any CPU
		{70E1A994-E9C9-4EFE-BBD0-5B3167112A39}.Release|Any CPU.Build.0 = Release|Any CPU
		{70E1A994-E9C9-4EFE-BBD0-5B3167112A39}.Release|x64.ActiveCfg = Release|Any CPU
		{70E1A994-E9C9-4EFE-BBD0-5B3167112A39}.Release|x64.Build.0 = Release|Any CPU
		{70E1A994-E9C9-4EFE-BBD0-5B3167112A39}.Release|x86.ActiveCfg = Release|Any CPU
		{70E1A994-E9C9-4EFE-BBD0-5B3167112A39}.Release|x86.Build.0 = Release|Any CPU
		{31C43BEA-9606-48DC-8AB8-F1CBF72148AA}.Debug|Any CPU.ActiveCfg = Debug|Any CPU
		{31C43BEA-9606-48DC-8AB8-F1CBF72148AA}.Debug|Any CPU.Build.0 = Debug|Any CPU
		{31C43BEA-9606-48DC-8AB8-F1CBF72148AA}.Debug|x64.ActiveCfg = Debug|Any CPU
		{31C43BEA-9606-48DC-8AB8-F1CBF72148AA}.Debug|x64.Build.0 = Debug|Any CPU
		{31C43BEA-9606-48DC-8AB8-F1CBF72148AA}.Debug|x86.ActiveCfg = Debug|Any CPU
		{31C43BEA-9606-48DC-8AB8-F1CBF72148AA}.Debug|x86.Build.0 = Debug|Any CPU
		{31C43BEA-9606-48DC-8AB8-F1CBF72148AA}.Release|Any CPU.ActiveCfg = Release|Any CPU
		{31C43BEA-9606-48DC-8AB8-F1CBF72148AA}.Release|Any CPU.Build.0 = Release|Any CPU
		{31C43BEA-9606-48DC-8AB8-F1CBF72148AA}.Release|x64.ActiveCfg = Release|Any CPU
		{31C43BEA-9606-48DC-8AB8-F1CBF72148AA}.Release|x64.Build.0 = Release|Any CPU
		{31C43BEA-9606-48DC-8AB8-F1CBF72148AA}.Release|x86.ActiveCfg = Release|Any CPU
		{31C43BEA-9606-48DC-8AB8-F1CBF72148AA}.Release|x86.Build.0 = Release|Any CPU
	EndGlobalSection
	GlobalSection(SolutionProperties) = preSolution
		HideSolutionNode = FALSE
	EndGlobalSection
	GlobalSection(NestedProjects) = preSolution
		{AD411DB7-8D29-4B02-9363-E0EB4C5497AB} = {827E0CD3-B72D-47B6-A68D-7590B98EB39B}
		{1BC523DC-F541-4D7B-90D8-A643CBDE394C} = {827E0CD3-B72D-47B6-A68D-7590B98EB39B}
		{91E9679D-86CE-4F83-9712-90F15815841E} = {827E0CD3-B72D-47B6-A68D-7590B98EB39B}
		{14EFB1AE-FA8D-41B0-BB3E-4273E931219D} = {827E0CD3-B72D-47B6-A68D-7590B98EB39B}
		{AACFF013-45F6-4226-B584-445EED5D8FF6} = {0AB3BF05-4346-4AA6-1389-037BE0695223}
		{49A7D8D5-E4B5-4FD9-AA5B-E2B5D8BD5436} = {0AB3BF05-4346-4AA6-1389-037BE0695223}
		{0528E9E9-525A-4530-AF4E-E86FBFB155F8} = {0AB3BF05-4346-4AA6-1389-037BE0695223}
		{8010512F-D7ED-4364-A19B-A6BB61A3B6EC} = {827E0CD3-B72D-47B6-A68D-7590B98EB39B}
		{4369AF4A-3D8E-442D-AA46-7236AA8B77AF} = {827E0CD3-B72D-47B6-A68D-7590B98EB39B}
		{57EE180D-4969-4B96-A923-C1A27CC341ED} = {827E0CD3-B72D-47B6-A68D-7590B98EB39B}
		{EAD1F061-D6DB-4250-A377-563AADDB4C96} = {827E0CD3-B72D-47B6-A68D-7590B98EB39B}
		{DA0E119F-5163-4F6C-B2FF-27384EFBFD6C} = {827E0CD3-B72D-47B6-A68D-7590B98EB39B}
		{425E3998-DDC8-4EA7-B7C0-0AB8CC991E16} = {827E0CD3-B72D-47B6-A68D-7590B98EB39B}
		{6488EF3D-238E-444E-ADE6-3A74FFAAA153} = {0AB3BF05-4346-4AA6-1389-037BE0695223}
		{2FE975C7-3F4F-48C1-99FA-C70D3A196502} = {827E0CD3-B72D-47B6-A68D-7590B98EB39B}
		{AD2DDEB4-794B-4226-9C5E-8DADCA7F108A} = {0AB3BF05-4346-4AA6-1389-037BE0695223}
		{B1D6F8B4-7CBB-42C5-A63A-8C8DA7FB8BD5} = {0AB3BF05-4346-4AA6-1389-037BE0695223}
		{0BA134B0-8433-4455-9CF1-0023CD84B1A2} = {827E0CD3-B72D-47B6-A68D-7590B98EB39B}
		{681E21AE-AE1D-486B-9AE1-D0F59613A417} = {827E0CD3-B72D-47B6-A68D-7590B98EB39B}
		{38ABEC8C-CAD9-4EAB-8A33-4B4401CAAE3F} = {0AB3BF05-4346-4AA6-1389-037BE0695223}
		{7C0B59D9-0C04-4626-9B11-FB03F3BCE66B} = {827E0CD3-B72D-47B6-A68D-7590B98EB39B}
		{8AA7DDA4-173B-43B6-BC87-B42309556936} = {827E0CD3-B72D-47B6-A68D-7590B98EB39B}
		{07728A1D-ABA9-4E25-91A7-44C0E35220F1} = {827E0CD3-B72D-47B6-A68D-7590B98EB39B}
		{4FF1D3BF-A9A6-4FB9-BD64-7121EEE2B749} = {827E0CD3-B72D-47B6-A68D-7590B98EB39B}
		{21E5A891-3E07-4BBF-8294-B990F3FD858A} = {827E0CD3-B72D-47B6-A68D-7590B98EB39B}
		{DBCD6D07-39A0-439C-BB90-BA6CB4344770} = {827E0CD3-B72D-47B6-A68D-7590B98EB39B}
		{70D28289-2357-45AD-BC42-4DA4BE455369} = {827E0CD3-B72D-47B6-A68D-7590B98EB39B}
		{B8EA4178-80C4-4958-8AC6-DF6EB78CA334} = {827E0CD3-B72D-47B6-A68D-7590B98EB39B}
		{E2AB9234-B2AA-439A-A328-1A9BF4F98ED0} = {827E0CD3-B72D-47B6-A68D-7590B98EB39B}
		{F1BB11DA-F8CE-45E4-BB11-1E9D21968C08} = {827E0CD3-B72D-47B6-A68D-7590B98EB39B}
		{86E757B0-A8A2-42D3-B0A0-FB99E76E7EB8} = {827E0CD3-B72D-47B6-A68D-7590B98EB39B}
		{70E1A994-E9C9-4EFE-BBD0-5B3167112A39} = {827E0CD3-B72D-47B6-A68D-7590B98EB39B}
		{31C43BEA-9606-48DC-8AB8-F1CBF72148AA} = {827E0CD3-B72D-47B6-A68D-7590B98EB39B}
	EndGlobalSection
EndGlobal
