
Microsoft Visual Studio Solution File, Format Version 12.00
# Visual Studio Version 17
VisualStudioVersion = 17.0.31903.59
MinimumVisualStudioVersion = 10.0.40219.1
Project("{2150E333-8FDC-42A3-9474-1A3956D46DE8}") = "src", "src", "{827E0CD3-B72D-47B6-A68D-7590B98EB39B}"
EndProject
Project("{FAE04EC0-301F-11D3-BF4B-00C04F79EFBC}") = "Bronnoysund.Lookup.Domain", "src\Bronnoysund.Lookup.Domain\Bronnoysund.Lookup.Domain.csproj", "{AD411DB7-8D29-4B02-9363-E0EB4C5497AB}"
EndProject
Project("{FAE04EC0-301F-11D3-BF4B-00C04F79EFBC}") = "Bronnoysund.Lookup.Application", "src\Bronnoysund.Lookup.Application\Bronnoysund.Lookup.Application.csproj", "{1BC523DC-F541-4D7B-90D8-A643CBDE394C}"
EndProject
Project("{FAE04EC0-301F-11D3-BF4B-00C04F79EFBC}") = "Bronnoysund.Lookup.Infrastructure", "src\Bronnoysund.Lookup.Infrastructure\Bronnoysund.Lookup.Infrastructure.csproj", "{91E9679D-86CE-4F83-9712-90F15815841E}"
EndProject
Project("{FAE04EC0-301F-11D3-BF4B-00C04F79EFBC}") = "Bronnoysund.Lookup.WebApi", "src\Bronnoysund.Lookup.WebApi\Bronnoysund.Lookup.WebApi.csproj", "{14EFB1AE-FA8D-41B0-BB3E-4273E931219D}"
EndProject
Project("{2150E333-8FDC-42A3-9474-1A3956D46DE8}") = "tests", "tests", "{0AB3BF05-4346-4AA6-1389-037BE0695223}"
EndProject
Project("{FAE04EC0-301F-11D3-BF4B-00C04F79EFBC}") = "Bronnoysund.Lookup.Domain.Tests", "tests\Bronnoysund.Lookup.Domain.Tests\Bronnoysund.Lookup.Domain.Tests.csproj", "{AACFF013-45F6-4226-B584-445EED5D8FF6}"
EndProject
Project("{FAE04EC0-301F-11D3-BF4B-00C04F79EFBC}") = "Bronnoysund.Lookup.Application.Tests", "tests\Bronnoysund.Lookup.Application.Tests\Bronnoysund.Lookup.Application.Tests.csproj", "{49A7D8D5-E4B5-4FD9-AA5B-E2B5D8BD5436}"
EndProject
Project("{FAE04EC0-301F-11D3-BF4B-00C04F79EFBC}") = "Bronnoysund.Lookup.Infrastructure.Tests", "tests\Bronnoysund.Lookup.Infrastructure.Tests\Bronnoysund.Lookup.Infrastructure.Tests.csproj", "{0528E9E9-525A-4530-AF4E-E86FBFB155F8}"
EndProject
Project("{FAE04EC0-301F-11D3-BF4B-00C04F79EFBC}") = "Bronnoysund.Lookup.Components", "src\Bronnoysund.Lookup.Components\Bronnoysund.Lookup.Components.csproj", "{8010512F-D7ED-4364-A19B-A6BB61A3B6EC}"
EndProject
Project("{FAE04EC0-301F-11D3-BF4B-00C04F79EFBC}") = "Bronnoysund.Lookup.ViewModels", "src\Bronnoysund.Lookup.ViewModels\Bronnoysund.Lookup.ViewModels.csproj", "{4369AF4A-3D8E-442D-AA46-7236AA8B77AF}"
EndProject
Project("{FAE04EC0-301F-11D3-BF4B-00C04F79EFBC}") = "Bronnoysund.Lookup.BlazorWeb", "src\Bronnoysund.Lookup.BlazorWeb\Bronnoysund.Lookup.BlazorWeb.csproj", "{57EE180D-4969-4B96-A923-C1A27CC341ED}"
EndProject
Project("{FAE04EC0-301F-11D3-BF4B-00C04F79EFBC}") = "Bronnoysund.Lookup.MauiDesktop", "src\Bronnoysund.Lookup.MauiDesktop\Bronnoysund.Lookup.MauiDesktop.csproj", "{EAD1F061-D6DB-4250-A377-563AADDB4C96}"
EndProject
Global
	GlobalSection(SolutionConfigurationPlatforms) = preSolution
		Debug|Any CPU = Debug|Any CPU
		Debug|x64 = Debug|x64
		Debug|x86 = Debug|x86
		Release|Any CPU = Release|Any CPU
		Release|x64 = Release|x64
		Release|x86 = Release|x86
	EndGlobalSection
	GlobalSection(ProjectConfigurationPlatforms) = postSolution
		{AD411DB7-8D29-4B02-9363-E0EB4C5497AB}.Debug|Any CPU.ActiveCfg = Debug|Any CPU
		{AD411DB7-8D29-4B02-9363-E0EB4C5497AB}.Debug|Any CPU.Build.0 = Debug|Any CPU
		{AD411DB7-8D29-4B02-9363-E0EB4C5497AB}.Debug|x64.ActiveCfg = Debug|Any CPU
		{AD411DB7-8D29-4B02-9363-E0EB4C5497AB}.Debug|x64.Build.0 = Debug|Any CPU
		{AD411DB7-8D29-4B02-9363-E0EB4C5497AB}.Debug|x86.ActiveCfg = Debug|Any CPU
		{AD411DB7-8D29-4B02-9363-E0EB4C5497AB}.Debug|x86.Build.0 = Debug|Any CPU
		{AD411DB7-8D29-4B02-9363-E0EB4C5497AB}.Release|Any CPU.ActiveCfg = Release|Any CPU
		{AD411DB7-8D29-4B02-9363-E0EB4C5497AB}.Release|Any CPU.Build.0 = Release|Any CPU
		{AD411DB7-8D29-4B02-9363-E0EB4C5497AB}.Release|x64.ActiveCfg = Release|Any CPU
		{AD411DB7-8D29-4B02-9363-E0EB4C5497AB}.Release|x64.Build.0 = Release|Any CPU
		{AD411DB7-8D29-4B02-9363-E0EB4C5497AB}.Release|x86.ActiveCfg = Release|Any CPU
		{AD411DB7-8D29-4B02-9363-E0EB4C5497AB}.Release|x86.Build.0 = Release|Any CPU
		{1BC523DC-F541-4D7B-90D8-A643CBDE394C}.Debug|Any CPU.ActiveCfg = Debug|Any CPU
		{1BC523DC-F541-4D7B-90D8-A643CBDE394C}.Debug|Any CPU.Build.0 = Debug|Any CPU
		{1BC523DC-F541-4D7B-90D8-A643CBDE394C}.Debug|x64.ActiveCfg = Debug|Any CPU
		{1BC523DC-F541-4D7B-90D8-A643CBDE394C}.Debug|x64.Build.0 = Debug|Any CPU
		{1BC523DC-F541-4D7B-90D8-A643CBDE394C}.Debug|x86.ActiveCfg = Debug|Any CPU
		{1BC523DC-F541-4D7B-90D8-A643CBDE394C}.Debug|x86.Build.0 = Debug|Any CPU
		{1BC523DC-F541-4D7B-90D8-A643CBDE394C}.Release|Any CPU.ActiveCfg = Release|Any CPU
		{1BC523DC-F541-4D7B-90D8-A643CBDE394C}.Release|Any CPU.Build.0 = Release|Any CPU
		{1BC523DC-F541-4D7B-90D8-A643CBDE394C}.Release|x64.ActiveCfg = Release|Any CPU
		{1BC523DC-F541-4D7B-90D8-A643CBDE394C}.Release|x64.Build.0 = Release|Any CPU
		{1BC523DC-F541-4D7B-90D8-A643CBDE394C}.Release|x86.ActiveCfg = Release|Any CPU
		{1BC523DC-F541-4D7B-90D8-A643CBDE394C}.Release|x86.Build.0 = Release|Any CPU
		{91E9679D-86CE-4F83-9712-90F15815841E}.Debug|Any CPU.ActiveCfg = Debug|Any CPU
		{91E9679D-86CE-4F83-9712-90F15815841E}.Debug|Any CPU.Build.0 = Debug|Any CPU
		{91E9679D-86CE-4F83-9712-90F15815841E}.Debug|x64.ActiveCfg = Debug|Any CPU
		{91E9679D-86CE-4F83-9712-90F15815841E}.Debug|x64.Build.0 = Debug|Any CPU
		{91E9679D-86CE-4F83-9712-90F15815841E}.Debug|x86.ActiveCfg = Debug|Any CPU
		{91E9679D-86CE-4F83-9712-90F15815841E}.Debug|x86.Build.0 = Debug|Any CPU
		{91E9679D-86CE-4F83-9712-90F15815841E}.Release|Any CPU.ActiveCfg = Release|Any CPU
		{91E9679D-86CE-4F83-9712-90F15815841E}.Release|Any CPU.Build.0 = Release|Any CPU
		{91E9679D-86CE-4F83-9712-90F15815841E}.Release|x64.ActiveCfg = Release|Any CPU
		{91E9679D-86CE-4F83-9712-90F15815841E}.Release|x64.Build.0 = Release|Any CPU
		{91E9679D-86CE-4F83-9712-90F15815841E}.Release|x86.ActiveCfg = Release|Any CPU
		{91E9679D-86CE-4F83-9712-90F15815841E}.Release|x86.Build.0 = Release|Any CPU
		{14EFB1AE-FA8D-41B0-BB3E-4273E931219D}.Debug|Any CPU.ActiveCfg = Debug|Any CPU
		{14EFB1AE-FA8D-41B0-BB3E-4273E931219D}.Debug|Any CPU.Build.0 = Debug|Any CPU
		{14EFB1AE-FA8D-41B0-BB3E-4273E931219D}.Debug|x64.ActiveCfg = Debug|Any CPU
		{14EFB1AE-FA8D-41B0-BB3E-4273E931219D}.Debug|x64.Build.0 = Debug|Any CPU
		{14EFB1AE-FA8D-41B0-BB3E-4273E931219D}.Debug|x86.ActiveCfg = Debug|Any CPU
		{14EFB1AE-FA8D-41B0-BB3E-4273E931219D}.Debug|x86.Build.0 = Debug|Any CPU
		{14EFB1AE-FA8D-41B0-BB3E-4273E931219D}.Release|Any CPU.ActiveCfg = Release|Any CPU
		{14EFB1AE-FA8D-41B0-BB3E-4273E931219D}.Release|Any CPU.Build.0 = Release|Any CPU
		{14EFB1AE-FA8D-41B0-BB3E-4273E931219D}.Release|x64.ActiveCfg = Release|Any CPU
		{14EFB1AE-FA8D-41B0-BB3E-4273E931219D}.Release|x64.Build.0 = Release|Any CPU
		{14EFB1AE-FA8D-41B0-BB3E-4273E931219D}.Release|x86.ActiveCfg = Release|Any CPU
		{14EFB1AE-FA8D-41B0-BB3E-4273E931219D}.Release|x86.Build.0 = Release|Any CPU
		{AACFF013-45F6-4226-B584-445EED5D8FF6}.Debug|Any CPU.ActiveCfg = Debug|Any CPU
		{AACFF013-45F6-4226-B584-445EED5D8FF6}.Debug|Any CPU.Build.0 = Debug|Any CPU
		{AACFF013-45F6-4226-B584-445EED5D8FF6}.Debug|x64.ActiveCfg = Debug|Any CPU
		{AACFF013-45F6-4226-B584-445EED5D8FF6}.Debug|x64.Build.0 = Debug|Any CPU
		{AACFF013-45F6-4226-B584-445EED5D8FF6}.Debug|x86.ActiveCfg = Debug|Any CPU
		{AACFF013-45F6-4226-B584-445EED5D8FF6}.Debug|x86.Build.0 = Debug|Any CPU
		{AACFF013-45F6-4226-B584-445EED5D8FF6}.Release|Any CPU.ActiveCfg = Release|Any CPU
		{AACFF013-45F6-4226-B584-445EED5D8FF6}.Release|Any CPU.Build.0 = Release|Any CPU
		{AACFF013-45F6-4226-B584-445EED5D8FF6}.Release|x64.ActiveCfg = Release|Any CPU
		{AACFF013-45F6-4226-B584-445EED5D8FF6}.Release|x64.Build.0 = Release|Any CPU
		{AACFF013-45F6-4226-B584-445EED5D8FF6}.Release|x86.ActiveCfg = Release|Any CPU
		{AACFF013-45F6-4226-B584-445EED5D8FF6}.Release|x86.Build.0 = Release|Any CPU
		{49A7D8D5-E4B5-4FD9-AA5B-E2B5D8BD5436}.Debug|Any CPU.ActiveCfg = Debug|Any CPU
		{49A7D8D5-E4B5-4FD9-AA5B-E2B5D8BD5436}.Debug|Any CPU.Build.0 = Debug|Any CPU
		{49A7D8D5-E4B5-4FD9-AA5B-E2B5D8BD5436}.Debug|x64.ActiveCfg = Debug|Any CPU
		{49A7D8D5-E4B5-4FD9-AA5B-E2B5D8BD5436}.Debug|x64.Build.0 = Debug|Any CPU
		{49A7D8D5-E4B5-4FD9-AA5B-E2B5D8BD5436}.Debug|x86.ActiveCfg = Debug|Any CPU
		{49A7D8D5-E4B5-4FD9-AA5B-E2B5D8BD5436}.Debug|x86.Build.0 = Debug|Any CPU
		{49A7D8D5-E4B5-4FD9-AA5B-E2B5D8BD5436}.Release|Any CPU.ActiveCfg = Release|Any CPU
		{49A7D8D5-E4B5-4FD9-AA5B-E2B5D8BD5436}.Release|Any CPU.Build.0 = Release|Any CPU
		{49A7D8D5-E4B5-4FD9-AA5B-E2B5D8BD5436}.Release|x64.ActiveCfg = Release|Any CPU
		{49A7D8D5-E4B5-4FD9-AA5B-E2B5D8BD5436}.Release|x64.Build.0 = Release|Any CPU
		{49A7D8D5-E4B5-4FD9-AA5B-E2B5D8BD5436}.Release|x86.ActiveCfg = Release|Any CPU
		{49A7D8D5-E4B5-4FD9-AA5B-E2B5D8BD5436}.Release|x86.Build.0 = Release|Any CPU
		{0528E9E9-525A-4530-AF4E-E86FBFB155F8}.Debug|Any CPU.ActiveCfg = Debug|Any CPU
		{0528E9E9-525A-4530-AF4E-E86FBFB155F8}.Debug|Any CPU.Build.0 = Debug|Any CPU
		{0528E9E9-525A-4530-AF4E-E86FBFB155F8}.Debug|x64.ActiveCfg = Debug|Any CPU
		{0528E9E9-525A-4530-AF4E-E86FBFB155F8}.Debug|x64.Build.0 = Debug|Any CPU
		{0528E9E9-525A-4530-AF4E-E86FBFB155F8}.Debug|x86.ActiveCfg = Debug|Any CPU
		{0528E9E9-525A-4530-AF4E-E86FBFB155F8}.Debug|x86.Build.0 = Debug|Any CPU
		{0528E9E9-525A-4530-AF4E-E86FBFB155F8}.Release|Any CPU.ActiveCfg = Release|Any CPU
		{0528E9E9-525A-4530-AF4E-E86FBFB155F8}.Release|Any CPU.Build.0 = Release|Any CPU
		{0528E9E9-525A-4530-AF4E-E86FBFB155F8}.Release|x64.ActiveCfg = Release|Any CPU
		{0528E9E9-525A-4530-AF4E-E86FBFB155F8}.Release|x64.Build.0 = Release|Any CPU
		{0528E9E9-525A-4530-AF4E-E86FBFB155F8}.Release|x86.ActiveCfg = Release|Any CPU
		{0528E9E9-525A-4530-AF4E-E86FBFB155F8}.Release|x86.Build.0 = Release|Any CPU
		{8010512F-D7ED-4364-A19B-A6BB61A3B6EC}.Debug|Any CPU.ActiveCfg = Debug|Any CPU
		{8010512F-D7ED-4364-A19B-A6BB61A3B6EC}.Debug|Any CPU.Build.0 = Debug|Any CPU
		{8010512F-D7ED-4364-A19B-A6BB61A3B6EC}.Debug|x64.ActiveCfg = Debug|Any CPU
		{8010512F-D7ED-4364-A19B-A6BB61A3B6EC}.Debug|x64.Build.0 = Debug|Any CPU
		{8010512F-D7ED-4364-A19B-A6BB61A3B6EC}.Debug|x86.ActiveCfg = Debug|Any CPU
		{8010512F-D7ED-4364-A19B-A6BB61A3B6EC}.Debug|x86.Build.0 = Debug|Any CPU
		{8010512F-D7ED-4364-A19B-A6BB61A3B6EC}.Release|Any CPU.ActiveCfg = Release|Any CPU
		{8010512F-D7ED-4364-A19B-A6BB61A3B6EC}.Release|Any CPU.Build.0 = Release|Any CPU
		{8010512F-D7ED-4364-A19B-A6BB61A3B6EC}.Release|x64.ActiveCfg = Release|Any CPU
		{8010512F-D7ED-4364-A19B-A6BB61A3B6EC}.Release|x64.Build.0 = Release|Any CPU
		{8010512F-D7ED-4364-A19B-A6BB61A3B6EC}.Release|x86.ActiveCfg = Release|Any CPU
		{8010512F-D7ED-4364-A19B-A6BB61A3B6EC}.Release|x86.Build.0 = Release|Any CPU
		{4369AF4A-3D8E-442D-AA46-7236AA8B77AF}.Debug|Any CPU.ActiveCfg = Debug|Any CPU
		{4369AF4A-3D8E-442D-AA46-7236AA8B77AF}.Debug|Any CPU.Build.0 = Debug|Any CPU
		{4369AF4A-3D8E-442D-AA46-7236AA8B77AF}.Debug|x64.ActiveCfg = Debug|Any CPU
		{4369AF4A-3D8E-442D-AA46-7236AA8B77AF}.Debug|x64.Build.0 = Debug|Any CPU
		{4369AF4A-3D8E-442D-AA46-7236AA8B77AF}.Debug|x86.ActiveCfg = Debug|Any CPU
		{4369AF4A-3D8E-442D-AA46-7236AA8B77AF}.Debug|x86.Build.0 = Debug|Any CPU
		{4369AF4A-3D8E-442D-AA46-7236AA8B77AF}.Release|Any CPU.ActiveCfg = Release|Any CPU
		{4369AF4A-3D8E-442D-AA46-7236AA8B77AF}.Release|Any CPU.Build.0 = Release|Any CPU
		{4369AF4A-3D8E-442D-AA46-7236AA8B77AF}.Release|x64.ActiveCfg = Release|Any CPU
		{4369AF4A-3D8E-442D-AA46-7236AA8B77AF}.Release|x64.Build.0 = Release|Any CPU
		{4369AF4A-3D8E-442D-AA46-7236AA8B77AF}.Release|x86.ActiveCfg = Release|Any CPU
		{4369AF4A-3D8E-442D-AA46-7236AA8B77AF}.Release|x86.Build.0 = Release|Any CPU
		{57EE180D-4969-4B96-A923-C1A27CC341ED}.Debug|Any CPU.ActiveCfg = Debug|Any CPU
		{57EE180D-4969-4B96-A923-C1A27CC341ED}.Debug|Any CPU.Build.0 = Debug|Any CPU
		{57EE180D-4969-4B96-A923-C1A27CC341ED}.Debug|x64.ActiveCfg = Debug|Any CPU
		{57EE180D-4969-4B96-A923-C1A27CC341ED}.Debug|x64.Build.0 = Debug|Any CPU
		{57EE180D-4969-4B96-A923-C1A27CC341ED}.Debug|x86.ActiveCfg = Debug|Any CPU
		{57EE180D-4969-4B96-A923-C1A27CC341ED}.Debug|x86.Build.0 = Debug|Any CPU
		{57EE180D-4969-4B96-A923-C1A27CC341ED}.Release|Any CPU.ActiveCfg = Release|Any CPU
		{57EE180D-4969-4B96-A923-C1A27CC341ED}.Release|Any CPU.Build.0 = Release|Any CPU
		{57EE180D-4969-4B96-A923-C1A27CC341ED}.Release|x64.ActiveCfg = Release|Any CPU
		{57EE180D-4969-4B96-A923-C1A27CC341ED}.Release|x64.Build.0 = Release|Any CPU
		{57EE180D-4969-4B96-A923-C1A27CC341ED}.Release|x86.ActiveCfg = Release|Any CPU
		{57EE180D-4969-4B96-A923-C1A27CC341ED}.Release|x86.Build.0 = Release|Any CPU
		{EAD1F061-D6DB-4250-A377-563AADDB4C96}.Debug|Any CPU.ActiveCfg = Debug|Any CPU
		{EAD1F061-D6DB-4250-A377-563AADDB4C96}.Debug|Any CPU.Build.0 = Debug|Any CPU
		{EAD1F061-D6DB-4250-A377-563AADDB4C96}.Debug|x64.ActiveCfg = Debug|Any CPU
		{EAD1F061-D6DB-4250-A377-563AADDB4C96}.Debug|x64.Build.0 = Debug|Any CPU
		{EAD1F061-D6DB-4250-A377-563AADDB4C96}.Debug|x86.ActiveCfg = Debug|Any CPU
		{EAD1F061-D6DB-4250-A377-563AADDB4C96}.Debug|x86.Build.0 = Debug|Any CPU
		{EAD1F061-D6DB-4250-A377-563AADDB4C96}.Release|Any CPU.ActiveCfg = Release|Any CPU
		{EAD1F061-D6DB-4250-A377-563AADDB4C96}.Release|Any CPU.Build.0 = Release|Any CPU
		{EAD1F061-D6DB-4250-A377-563AADDB4C96}.Release|x64.ActiveCfg = Release|Any CPU
		{EAD1F061-D6DB-4250-A377-563AADDB4C96}.Release|x64.Build.0 = Release|Any CPU
		{EAD1F061-D6DB-4250-A377-563AADDB4C96}.Release|x86.ActiveCfg = Release|Any CPU
		{EAD1F061-D6DB-4250-A377-563AADDB4C96}.Release|x86.Build.0 = Release|Any CPU
	EndGlobalSection
	GlobalSection(SolutionProperties) = preSolution
		HideSolutionNode = FALSE
	EndGlobalSection
	GlobalSection(NestedProjects) = preSolution
		{AD411DB7-8D29-4B02-9363-E0EB4C5497AB} = {827E0CD3-B72D-47B6-A68D-7590B98EB39B}
		{1BC523DC-F541-4D7B-90D8-A643CBDE394C} = {827E0CD3-B72D-47B6-A68D-7590B98EB39B}
		{91E9679D-86CE-4F83-9712-90F15815841E} = {827E0CD3-B72D-47B6-A68D-7590B98EB39B}
		{14EFB1AE-FA8D-41B0-BB3E-4273E931219D} = {827E0CD3-B72D-47B6-A68D-7590B98EB39B}
		{AACFF013-45F6-4226-B584-445EED5D8FF6} = {0AB3BF05-4346-4AA6-1389-037BE0695223}
		{49A7D8D5-E4B5-4FD9-AA5B-E2B5D8BD5436} = {0AB3BF05-4346-4AA6-1389-037BE0695223}
		{0528E9E9-525A-4530-AF4E-E86FBFB155F8} = {0AB3BF05-4346-4AA6-1389-037BE0695223}
		{8010512F-D7ED-4364-A19B-A6BB61A3B6EC} = {827E0CD3-B72D-47B6-A68D-7590B98EB39B}
		{4369AF4A-3D8E-442D-AA46-7236AA8B77AF} = {827E0CD3-B72D-47B6-A68D-7590B98EB39B}
		{57EE180D-4969-4B96-A923-C1A27CC341ED} = {827E0CD3-B72D-47B6-A68D-7590B98EB39B}
		{EAD1F061-D6DB-4250-A377-563AADDB4C96} = {827E0CD3-B72D-47B6-A68D-7590B98EB39B}
	EndGlobalSection
EndGlobal
